<?xml version="1.0" encoding="utf-8"?>
<Project ToolsVersion="4.0" xmlns="http://schemas.microsoft.com/developer/msbuild/2003">
  <ItemGroup>
    <Filter Include="File di origine">
      <UniqueIdentifier>{4FC737F1-C7A5-4376-A066-2A32D752A2FF}</UniqueIdentifier>
      <Extensions>cpp;c;cc;cxx;c++;cppm;ixx;def;odl;idl;hpj;bat;asm;asmx</Extensions>
    </Filter>
    <Filter Include="File di intestazione">
      <UniqueIdentifier>{93995380-89BD-4b04-88EB-625FBE52EBFB}</UniqueIdentifier>
      <Extensions>h;hh;hpp;hxx;h++;hm;inl;inc;ipp;xsd</Extensions>
    </Filter>
    <Filter Include="File di risorse">
      <UniqueIdentifier>{67DA6AB6-F800-4c08-8B7A-83BB121AAD01}</UniqueIdentifier>
      <Extensions>rc;ico;cur;bmp;dlg;rc2;rct;bin;rgs;gif;jpg;jpeg;jpe;resx;tiff;tif;png;wav;mfcribbon-ms</Extensions>
    </Filter>
  </ItemGroup>
  <ItemGroup>
    <ClInclude Include="main.h">
      <Filter>File di intestazione</Filter>
    </ClInclude>
    <ClInclude Include="Configuration.h">
      <Filter>File di intestazione</Filter>
    </ClInclude>
    <ClInclude Include="Viewer.h">
      <Filter>File di intestazione</Filter>
    </ClInclude>
    <ClInclude Include="Vec4f.h">
      <Filter>File di intestazione</Filter>
    </ClInclude>
    <ClInclude Include="Mesh.h">
      <Filter>File di intestazione</Filter>
    </ClInclude>
    <ClInclude Include="Object.h">
      <Filter>File di intestazione</Filter>
    </ClInclude>
    <ClInclude Include="Scene.h">
      <Filter>File di intestazione</Filter>
    </ClInclude>
    <ClInclude Include="Material.h">
      <Filter>File di intestazione</Filter>
    </ClInclude>
    <ClInclude Include="Global.h">
      <Filter>File di intestazione</Filter>
    </ClInclude>
    <ClInclude Include="Camera.h">
      <Filter>File di intestazione</Filter>
    </ClInclude>
    <ClInclude Include="Vec3f.h">
      <Filter>File di intestazione</Filter>
    </ClInclude>
    <ClInclude Include="Mat4f.h">
      <Filter>File di intestazione</Filter>
    </ClInclude>
    <ClInclude Include="Mat3f.h">
      <Filter>File di intestazione</Filter>
    </ClInclude>
    <ClInclude Include="Light.h">
      <Filter>File di intestazione</Filter>
    </ClInclude>
    <ClInclude Include="Quat.h">
      <Filter>File di intestazione</Filter>
    </ClInclude>
    <ClInclude Include="Texture.h">
      <Filter>File di intestazione</Filter>
    </ClInclude>
    <ClInclude Include="resource.h">
      <Filter>File di intestazione</Filter>
    </ClInclude>
    <ClInclude Include="Vec2f.h">
      <Filter>File di intestazione</Filter>
    </ClInclude>
    <ClInclude Include="ScenesController.h">
      <Filter>File di intestazione</Filter>
    </ClInclude>
  </ItemGroup>
  <ItemGroup>
    <ClCompile Include="main.cpp">
      <Filter>File di origine</Filter>
    </ClCompile>
    <ClCompile Include="Configuration.cpp">
      <Filter>File di origine</Filter>
    </ClCompile>
    <ClCompile Include="Viewer.cpp">
      <Filter>File di origine</Filter>
    </ClCompile>
    <ClCompile Include="Vec4f.cpp">
      <Filter>File di origine</Filter>
    </ClCompile>
    <ClCompile Include="Mesh.cpp">
      <Filter>File di origine</Filter>
    </ClCompile>
    <ClCompile Include="Object.cpp">
      <Filter>File di origine</Filter>
    </ClCompile>
    <ClCompile Include="Scene.cpp">
      <Filter>File di origine</Filter>
    </ClCompile>
    <ClCompile Include="Material.cpp">
      <Filter>File di origine</Filter>
    </ClCompile>
    <ClCompile Include="..\..\..\librerie\glad\src\glad.c">
      <Filter>File di risorse</Filter>
    </ClCompile>
    <ClCompile Include="Camera.cpp">
      <Filter>File di origine</Filter>
    </ClCompile>
    <ClCompile Include="Vec3f.cpp">
      <Filter>File di origine</Filter>
    </ClCompile>
    <ClCompile Include="Mat4f.cpp">
      <Filter>File di origine</Filter>
    </ClCompile>
    <ClCompile Include="Mat3f.cpp">
      <Filter>File di origine</Filter>
    </ClCompile>
    <ClCompile Include="Light.cpp">
      <Filter>File di origine</Filter>
    </ClCompile>
    <ClCompile Include="Quat.cpp">
      <Filter>File di origine</Filter>
    </ClCompile>
    <ClCompile Include="Texture.cpp">
      <Filter>File di origine</Filter>
    </ClCompile>
    <ClCompile Include="Vec2f.cpp">
      <Filter>File di origine</Filter>
    </ClCompile>
    <ClCompile Include="ScenesController.cpp">
      <Filter>File di origine</Filter>
    </ClCompile>
  </ItemGroup>
  <ItemGroup>
    <Xml Include="config.xml" />
  </ItemGroup>
  <ItemGroup>
    <None Include="base.fs" />
    <None Include="base.vert" />
    <None Include="image.frag" />
    <None Include="image.vert" />
    <None Include="luce.frag" />
    <None Include="luce.vert" />
    <None Include="cubemap.frag" />
    <None Include="cubemap.vert" />
    <None Include="normalMap.vert" />
    <None Include="normalMap.frag" />
    <None Include="planet.frag" />
    <None Include="planet.vert" />
    <None Include="portale.frag" />
    <None Include="portale.vert" />
    <None Include="tex.vert" />
    <None Include="tex.frag" />
    <None Include="normal.frag" />
    <None Include="normal.vert" />
  </ItemGroup>
</Project>